
Microsoft Visual Studio Solution File, Format Version 12.00
# Visual Studio Version 16
VisualStudioVersion = 16.0.31019.35
MinimumVisualStudioVersion = 10.0.40219.1
Project("{FAE04EC0-301F-11D3-BF4B-00C04F79EFBC}") = "jeu_de_math", "jeu_de_math\jeu_de_math.csproj", "{E438F0A3-29DF-4B70-921D-24DC94EADD5A}"
EndProject
Global
	GlobalSection(SolutionConfigurationPlatforms) = preSolution
		Debug|Any CPU = Debug|Any CPU
		Release|Any CPU = Release|Any CPU
	EndGlobalSection
	GlobalSection(ProjectConfigurationPlatforms) = postSolution
		{E438F0A3-29DF-4B70-921D-24DC94EADD5A}.Debug|Any CPU.ActiveCfg = Debug|Any CPU
		{E438F0A3-29DF-4B70-921D-24DC94EADD5A}.Debug|Any CPU.Build.0 = Debug|Any CPU
		{E438F0A3-29DF-4B70-921D-24DC94EADD5A}.Release|Any CPU.ActiveCfg = Release|Any CPU
		{E438F0A3-29DF-4B70-921D-24DC94EADD5A}.Release|Any CPU.Build.0 = Release|Any CPU
	EndGlobalSection
	GlobalSection(SolutionProperties) = preSolution
		HideSolutionNode = FALSE
	EndGlobalSection
	GlobalSection(ExtensibilityGlobals) = postSolution
		SolutionGuid = {A1FCFE12-9613-4DC8-9DB5-71B20B7C9FBC}
	EndGlobalSection
EndGlobal
